// !$*UTF8*$!
{
	archiveVersion = 1;
	classes = {
	};
	objectVersion = 50;
	objects = {

/* Begin PBXBuildFile section */
		3729DC2C25695806009C6E73 /* ToyVMDelegate.m in Sources */ = {isa = PBXBuildFile; fileRef = 3729DC2B25695806009C6E73 /* ToyVMDelegate.m */; };
		375A3A8E25684A5E00EEB67A /* main.m in Sources */ = {isa = PBXBuildFile; fileRef = 375A3A8D25684A5E00EEB67A /* main.m */; };
		375A3A9725684A8300EEB67A /* Virtualization.framework in Frameworks */ = {isa = PBXBuildFile; fileRef = 375A3A9625684A8300EEB67A /* Virtualization.framework */; };
/* End PBXBuildFile section */

/* Begin PBXCopyFilesBuildPhase section */
		375A3A8825684A5E00EEB67A /* CopyFiles */ = {
			isa = PBXCopyFilesBuildPhase;
			buildActionMask = 2147483647;
			dstPath = /usr/share/man/man1/;
			dstSubfolderSpec = 0;
			files = (
			);
			runOnlyForDeploymentPostprocessing = 1;
		};
/* End PBXCopyFilesBuildPhase section */

/* Begin PBXFileReference section */
		3729DC2A25695806009C6E73 /* ToyVMDelegate.h */ = {isa = PBXFileReference; lastKnownFileType = sourcecode.c.h; path = ToyVMDelegate.h; sourceTree = "<group>"; };
		3729DC2B25695806009C6E73 /* ToyVMDelegate.m */ = {isa = PBXFileReference; lastKnownFileType = sourcecode.c.objc; path = ToyVMDelegate.m; sourceTree = "<group>"; };
		375A3A8A25684A5E00EEB67A /* toyvm */ = {isa = PBXFileReference; explicitFileType = "compiled.mach-o.executable"; includeInIndex = 0; path = toyvm; sourceTree = BUILT_PRODUCTS_DIR; };
		375A3A8D25684A5E00EEB67A /* main.m */ = {isa = PBXFileReference; lastKnownFileType = sourcecode.c.objc; path = main.m; sourceTree = "<group>"; };
		375A3A9625684A8300EEB67A /* Virtualization.framework */ = {isa = PBXFileReference; lastKnownFileType = wrapper.framework; name = Virtualization.framework; path = System/Library/Frameworks/Virtualization.framework; sourceTree = SDKROOT; };
		375A3A9B2568500400EEB67A /* toyvm.entitlements */ = {isa = PBXFileReference; lastKnownFileType = text.plist.entitlements; path = toyvm.entitlements; sourceTree = "<group>"; };
		379F73F5257405E1008AAEB7 /* README.md */ = {isa = PBXFileReference; lastKnownFileType = net.daringfireball.markdown; path = README.md; sourceTree = "<group>"; };
/* End PBXFileReference section */

/* Begin PBXFrameworksBuildPhase section */
		375A3A8725684A5E00EEB67A /* Frameworks */ = {
			isa = PBXFrameworksBuildPhase;
			buildActionMask = 2147483647;
			files = (
				375A3A9725684A8300EEB67A /* Virtualization.framework in Frameworks */,
			);
			runOnlyForDeploymentPostprocessing = 0;
		};
/* End PBXFrameworksBuildPhase section */

/* Begin PBXGroup section */
		375A3A8125684A5E00EEB67A = {
			isa = PBXGroup;
			children = (
				379F73F5257405E1008AAEB7 /* README.md */,
				375A3A9B2568500400EEB67A /* toyvm.entitlements */,
				375A3A8C25684A5E00EEB67A /* toyvm */,
				375A3A8B25684A5E00EEB67A /* Products */,
				375A3A9525684A8300EEB67A /* Frameworks */,
			);
			sourceTree = "<group>";
		};
		375A3A8B25684A5E00EEB67A /* Products */ = {
			isa = PBXGroup;
			children = (
				375A3A8A25684A5E00EEB67A /* toyvm */,
			);
			name = Products;
			sourceTree = "<group>";
		};
		375A3A8C25684A5E00EEB67A /* toyvm */ = {
			isa = PBXGroup;
			children = (
				375A3A8D25684A5E00EEB67A /* main.m */,
				3729DC2A25695806009C6E73 /* ToyVMDelegate.h */,
				3729DC2B25695806009C6E73 /* ToyVMDelegate.m */,
			);
			path = toyvm;
			sourceTree = "<group>";
		};
		375A3A9525684A8300EEB67A /* Frameworks */ = {
			isa = PBXGroup;
			children = (
				375A3A9625684A8300EEB67A /* Virtualization.framework */,
			);
			name = Frameworks;
			sourceTree = "<group>";
		};
/* End PBXGroup section */

/* Begin PBXNativeTarget section */
		375A3A8925684A5E00EEB67A /* toyvm */ = {
			isa = PBXNativeTarget;
			buildConfigurationList = 375A3A9125684A5E00EEB67A /* Build configuration list for PBXNativeTarget "toyvm" */;
			buildPhases = (
				375A3A8625684A5E00EEB67A /* Sources */,
				375A3A8725684A5E00EEB67A /* Frameworks */,
				375A3A8825684A5E00EEB67A /* CopyFiles */,
			);
			buildRules = (
			);
			dependencies = (
			);
			name = toyvm;
			productName = toyvm;
			productReference = 375A3A8A25684A5E00EEB67A /* toyvm */;
			productType = "com.apple.product-type.tool";
		};
/* End PBXNativeTarget section */

/* Begin PBXProject section */
		375A3A8225684A5E00EEB67A /* Project object */ = {
			isa = PBXProject;
			attributes = {
				LastUpgradeCheck = 1340;
				TargetAttributes = {
					375A3A8925684A5E00EEB67A = {
						CreatedOnToolsVersion = 12.2;
					};
				};
			};
			buildConfigurationList = 375A3A8525684A5E00EEB67A /* Build configuration list for PBXProject "toyvm" */;
			compatibilityVersion = "Xcode 9.3";
			developmentRegion = en;
			hasScannedForEncodings = 0;
			knownRegions = (
				en,
				Base,
			);
			mainGroup = 375A3A8125684A5E00EEB67A;
			productRefGroup = 375A3A8B25684A5E00EEB67A /* Products */;
			projectDirPath = "";
			projectRoot = "";
			targets = (
				375A3A8925684A5E00EEB67A /* toyvm */,
			);
		};
/* End PBXProject section */

/* Begin PBXSourcesBuildPhase section */
		375A3A8625684A5E00EEB67A /* Sources */ = {
			isa = PBXSourcesBuildPhase;
			buildActionMask = 2147483647;
			files = (
				3729DC2C25695806009C6E73 /* ToyVMDelegate.m in Sources */,
				375A3A8E25684A5E00EEB67A /* main.m in Sources */,
			);
			runOnlyForDeploymentPostprocessing = 0;
		};
/* End PBXSourcesBuildPhase section */

/* Begin XCBuildConfiguration section */
		375A3A8F25684A5E00EEB67A /* Debug */ = {
			isa = XCBuildConfiguration;
			buildSettings = {
				CLANG_ANALYZER_NONNULL = YES;
				CLANG_ANALYZER_NUMBER_OBJECT_CONVERSION = YES_AGGRESSIVE;
				CLANG_CXX_LANGUAGE_STANDARD = "gnu++14";
				CLANG_CXX_LIBRARY = "libc++";
				CLANG_ENABLE_MODULES = YES;
				CLANG_ENABLE_OBJC_ARC = YES;
				CLANG_ENABLE_OBJC_WEAK = YES;
				CLANG_WARN_BLOCK_CAPTURE_AUTORELEASING = YES;
				CLANG_WARN_BOOL_CONVERSION = YES;
				CLANG_WARN_COMMA = YES;
				CLANG_WARN_CONSTANT_CONVERSION = YES;
				CLANG_WARN_DEPRECATED_OBJC_IMPLEMENTATIONS = YES;
				CLANG_WARN_DIRECT_OBJC_ISA_USAGE = YES_ERROR;
				CLANG_WARN_DOCUMENTATION_COMMENTS = YES;
				CLANG_WARN_EMPTY_BODY = YES;
				CLANG_WARN_ENUM_CONVERSION = YES;
				CLANG_WARN_INFINITE_RECURSION = YES;
				CLANG_WARN_INT_CONVERSION = YES;
				CLANG_WARN_NON_LITERAL_NULL_CONVERSION = YES;
				CLANG_WARN_OBJC_IMPLICIT_RETAIN_SELF = YES;
				CLANG_WARN_OBJC_LITERAL_CONVERSION = YES;
				CLANG_WARN_OBJC_ROOT_CLASS = YES_ERROR;
				CLANG_WARN_QUOTED_INCLUDE_IN_FRAMEWORK_HEADER = YES;
				CLANG_WARN_RANGE_LOOP_ANALYSIS = YES;
				CLANG_WARN_STRICT_PROTOTYPES = YES;
				CLANG_WARN_SUSPICIOUS_MOVE = YES;
				CLANG_WARN_UNGUARDED_AVAILABILITY = YES_AGGRESSIVE;
				CLANG_WARN_UNREACHABLE_CODE = YES;
				CLANG_WARN__DUPLICATE_METHOD_MATCH = YES;
				COPY_PHASE_STRIP = NO;
				DEBUG_INFORMATION_FORMAT = dwarf;
				ENABLE_STRICT_OBJC_MSGSEND = YES;
				ENABLE_TESTABILITY = YES;
				GCC_C_LANGUAGE_STANDARD = gnu11;
				GCC_DYNAMIC_NO_PIC = NO;
				GCC_NO_COMMON_BLOCKS = YES;
				GCC_OPTIMIZATION_LEVEL = 0;
				GCC_PREPROCESSOR_DEFINITIONS = (
					"DEBUG=1",
					"$(inherited)",
				);
				GCC_WARN_64_TO_32_BIT_CONVERSION = YES;
				GCC_WARN_ABOUT_RETURN_TYPE = YES_ERROR;
				GCC_WARN_UNDECLARED_SELECTOR = YES;
				GCC_WARN_UNINITIALIZED_AUTOS = YES_AGGRESSIVE;
				GCC_WARN_UNUSED_FUNCTION = YES;
				GCC_WARN_UNUSED_VARIABLE = YES;
				MACOSX_DEPLOYMENT_TARGET = 12.0;
				MTL_ENABLE_DEBUG_INFO = INCLUDE_SOURCE;
				MTL_FAST_MATH = YES;
				ONLY_ACTIVE_ARCH = YES;
			};
			name = Debug;
		};
		375A3A9025684A5E00EEB67A /* Release */ = {
			isa = XCBuildConfiguration;
			buildSettings = {
				CLANG_ANALYZER_NONNULL = YES;
				CLANG_ANALYZER_NUMBER_OBJECT_CONVERSION = YES_AGGRESSIVE;
				CLANG_CXX_LANGUAGE_STANDARD = "gnu++14";
				CLANG_CXX_LIBRARY = "libc++";
				CLANG_ENABLE_MODULES = YES;
				CLANG_ENABLE_OBJC_ARC = YES;
				CLANG_ENABLE_OBJC_WEAK = YES;
				CLANG_WARN_BLOCK_CAPTURE_AUTORELEASING = YES;
				CLANG_WARN_BOOL_CONVERSION = YES;
				CLANG_WARN_COMMA = YES;
				CLANG_WARN_CONSTANT_CONVERSION = YES;
				CLANG_WARN_DEPRECATED_OBJC_IMPLEMENTATIONS = YES;
				CLANG_WARN_DIRECT_OBJC_ISA_USAGE = YES_ERROR;
				CLANG_WARN_DOCUMENTATION_COMMENTS = YES;
				CLANG_WARN_EMPTY_BODY = YES;
				CLANG_WARN_ENUM_CONVERSION = YES;
				CLANG_WARN_INFINITE_RECURSION = YES;
				CLANG_WARN_INT_CONVERSION = YES;
				CLANG_WARN_NON_LITERAL_NULL_CONVERSION = YES;
				CLANG_WARN_OBJC_IMPLICIT_RETAIN_SELF = YES;
				CLANG_WARN_OBJC_LITERAL_CONVERSION = YES;
				CLANG_WARN_OBJC_ROOT_CLASS = YES_ERROR;
				CLANG_WARN_QUOTED_INCLUDE_IN_FRAMEWORK_HEADER = YES;
				CLANG_WARN_RANGE_LOOP_ANALYSIS = YES;
				CLANG_WARN_STRICT_PROTOTYPES = YES;
				CLANG_WARN_SUSPICIOUS_MOVE = YES;
				CLANG_WARN_UNGUARDED_AVAILABILITY = YES_AGGRESSIVE;
				CLANG_WARN_UNREACHABLE_CODE = YES;
				CLANG_WARN__DUPLICATE_METHOD_MATCH = YES;
				COPY_PHASE_STRIP = NO;
				DEBUG_INFORMATION_FORMAT = "dwarf-with-dsym";
				ENABLE_NS_ASSERTIONS = NO;
				ENABLE_STRICT_OBJC_MSGSEND = YES;
				GCC_C_LANGUAGE_STANDARD = gnu11;
				GCC_NO_COMMON_BLOCKS = YES;
				GCC_WARN_64_TO_32_BIT_CONVERSION = YES;
				GCC_WARN_ABOUT_RETURN_TYPE = YES_ERROR;
				GCC_WARN_UNDECLARED_SELECTOR = YES;
				GCC_WARN_UNINITIALIZED_AUTOS = YES_AGGRESSIVE;
				GCC_WARN_UNUSED_FUNCTION = YES;
				GCC_WARN_UNUSED_VARIABLE = YES;
				MACOSX_DEPLOYMENT_TARGET = 12.0;
				MTL_ENABLE_DEBUG_INFO = NO;
				MTL_FAST_MATH = YES;
			};
			name = Release;
		};
		375A3A9225684A5E00EEB67A /* Debug */ = {
			isa = XCBuildConfiguration;
			buildSettings = {
				CODE_SIGN_ENTITLEMENTS = toyvm.entitlements;
				CODE_SIGN_IDENTITY = "-";
				CODE_SIGN_STYLE = Automatic;
				PRODUCT_NAME = "$(TARGET_NAME)";
			};
			name = Debug;
		};
		375A3A9325684A5E00EEB67A /* Release */ = {
			isa = XCBuildConfiguration;
			buildSettings = {
				CODE_SIGN_ENTITLEMENTS = toyvm.entitlements;
				CODE_SIGN_IDENTITY = "-";
				CODE_SIGN_STYLE = Automatic;
				PRODUCT_NAME = "$(TARGET_NAME)";
			};
			name = Release;
		};
/* End XCBuildConfiguration section */

/* Begin XCConfigurationList section */
		375A3A8525684A5E00EEB67A /* Build configuration list for PBXProject "toyvm" */ = {
			isa = XCConfigurationList;
			buildConfigurations = (
				375A3A8F25684A5E00EEB67A /* Debug */,
				375A3A9025684A5E00EEB67A /* Release */,
			);
			defaultConfigurationIsVisible = 0;
			defaultConfigurationName = Release;
		};
		375A3A9125684A5E00EEB67A /* Build configuration list for PBXNativeTarget "toyvm" */ = {
			isa = XCConfigurationList;
			buildConfigurations = (
				375A3A9225684A5E00EEB67A /* Debug */,
				375A3A9325684A5E00EEB67A /* Release */,
			);
			defaultConfigurationIsVisible = 0;
			defaultConfigurationName = Release;
		};
/* End XCConfigurationList section */
	};
	rootObject = 375A3A8225684A5E00EEB67A /* Project object */;
}
